// !$*UTF8*$!
{
	archiveVersion = 1;
	classes = {
	};
	objectVersion = 46;
	objects = {

/* Begin PBXBuildFile section */
		C9F2E0FE1DC9C3680084FA63 /* Main.storyboard in Resources */ = {isa = PBXBuildFile; fileRef = C9F2E0FC1DC9C3680084FA63 /* Main.storyboard */; };
		C9F2E1001DC9C3680084FA63 /* Assets.xcassets in Resources */ = {isa = PBXBuildFile; fileRef = C9F2E0FF1DC9C3680084FA63 /* Assets.xcassets */; };
		C9F2E1031DC9C3680084FA63 /* LaunchScreen.storyboard in Resources */ = {isa = PBXBuildFile; fileRef = C9F2E1011DC9C3680084FA63 /* LaunchScreen.storyboard */; };
		C9F2E10E1DC9C3680084FA63 /* douyuTests.m in Sources */ = {isa = PBXBuildFile; fileRef = C9F2E10D1DC9C3680084FA63 /* douyuTests.m */; };
		C9F2E1191DC9C3680084FA63 /* douyuUITests.m in Sources */ = {isa = PBXBuildFile; fileRef = C9F2E1181DC9C3680084FA63 /* douyuUITests.m */; };
		C9F2E13E1DC9D10F0084FA63 /* AppDelegate.m in Sources */ = {isa = PBXBuildFile; fileRef = C9F2E1391DC9D10F0084FA63 /* AppDelegate.m */; };
		C9F2E13F1DC9D10F0084FA63 /* main.m in Sources */ = {isa = PBXBuildFile; fileRef = C9F2E13B1DC9D10F0084FA63 /* main.m */; };
		C9F2E1421DC9D18F0084FA63 /* DYMainViewController.m in Sources */ = {isa = PBXBuildFile; fileRef = C9F2E1411DC9D18F0084FA63 /* DYMainViewController.m */; };
/* End PBXBuildFile section */

/* Begin PBXContainerItemProxy section */
		C9F2E10A1DC9C3680084FA63 /* PBXContainerItemProxy */ = {
			isa = PBXContainerItemProxy;
			containerPortal = C9F2E0E81DC9C3680084FA63 /* Project object */;
			proxyType = 1;
			remoteGlobalIDString = C9F2E0EF1DC9C3680084FA63;
			remoteInfo = douyu;
		};
		C9F2E1151DC9C3680084FA63 /* PBXContainerItemProxy */ = {
			isa = PBXContainerItemProxy;
			containerPortal = C9F2E0E81DC9C3680084FA63 /* Project object */;
			proxyType = 1;
			remoteGlobalIDString = C9F2E0EF1DC9C3680084FA63;
			remoteInfo = douyu;
		};
/* End PBXContainerItemProxy section */

/* Begin PBXFileReference section */
		C9F2E0F01DC9C3680084FA63 /* douyu.app */ = {isa = PBXFileReference; explicitFileType = wrapper.application; includeInIndex = 0; path = douyu.app; sourceTree = BUILT_PRODUCTS_DIR; };
		C9F2E0FD1DC9C3680084FA63 /* Base */ = {isa = PBXFileReference; lastKnownFileType = file.storyboard; name = Base; path = Base.lproj/Main.storyboard; sourceTree = "<group>"; };
		C9F2E0FF1DC9C3680084FA63 /* Assets.xcassets */ = {isa = PBXFileReference; lastKnownFileType = folder.assetcatalog; path = Assets.xcassets; sourceTree = "<group>"; };
		C9F2E1021DC9C3680084FA63 /* Base */ = {isa = PBXFileReference; lastKnownFileType = file.storyboard; name = Base; path = Base.lproj/LaunchScreen.storyboard; sourceTree = "<group>"; };
		C9F2E1041DC9C3680084FA63 /* Info.plist */ = {isa = PBXFileReference; lastKnownFileType = text.plist.xml; path = Info.plist; sourceTree = "<group>"; };
		C9F2E1091DC9C3680084FA63 /* douyuTests.xctest */ = {isa = PBXFileReference; explicitFileType = wrapper.cfbundle; includeInIndex = 0; path = douyuTests.xctest; sourceTree = BUILT_PRODUCTS_DIR; };
		C9F2E10D1DC9C3680084FA63 /* douyuTests.m */ = {isa = PBXFileReference; lastKnownFileType = sourcecode.c.objc; path = douyuTests.m; sourceTree = "<group>"; };
		C9F2E10F1DC9C3680084FA63 /* Info.plist */ = {isa = PBXFileReference; lastKnownFileType = text.plist.xml; path = Info.plist; sourceTree = "<group>"; };
		C9F2E1141DC9C3680084FA63 /* douyuUITests.xctest */ = {isa = PBXFileReference; explicitFileType = wrapper.cfbundle; includeInIndex = 0; path = douyuUITests.xctest; sourceTree = BUILT_PRODUCTS_DIR; };
		C9F2E1181DC9C3680084FA63 /* douyuUITests.m */ = {isa = PBXFileReference; lastKnownFileType = sourcecode.c.objc; path = douyuUITests.m; sourceTree = "<group>"; };
		C9F2E11A1DC9C3680084FA63 /* Info.plist */ = {isa = PBXFileReference; lastKnownFileType = text.plist.xml; path = Info.plist; sourceTree = "<group>"; };
		C9F2E1381DC9D10F0084FA63 /* AppDelegate.h */ = {isa = PBXFileReference; fileEncoding = 4; lastKnownFileType = sourcecode.c.h; path = AppDelegate.h; sourceTree = "<group>"; };
		C9F2E1391DC9D10F0084FA63 /* AppDelegate.m */ = {isa = PBXFileReference; fileEncoding = 4; lastKnownFileType = sourcecode.c.objc; path = AppDelegate.m; sourceTree = "<group>"; };
		C9F2E13B1DC9D10F0084FA63 /* main.m */ = {isa = PBXFileReference; fileEncoding = 4; lastKnownFileType = sourcecode.c.objc; path = main.m; sourceTree = "<group>"; };
		C9F2E1401DC9D18F0084FA63 /* DYMainViewController.h */ = {isa = PBXFileReference; fileEncoding = 4; lastKnownFileType = sourcecode.c.h; path = DYMainViewController.h; sourceTree = "<group>"; };
		C9F2E1411DC9D18F0084FA63 /* DYMainViewController.m */ = {isa = PBXFileReference; fileEncoding = 4; lastKnownFileType = sourcecode.c.objc; path = DYMainViewController.m; sourceTree = "<group>"; };
/* End PBXFileReference section */

/* Begin PBXFrameworksBuildPhase section */
		C9F2E0ED1DC9C3680084FA63 /* Frameworks */ = {
			isa = PBXFrameworksBuildPhase;
			buildActionMask = 2147483647;
			files = (
			);
			runOnlyForDeploymentPostprocessing = 0;
		};
		C9F2E1061DC9C3680084FA63 /* Frameworks */ = {
			isa = PBXFrameworksBuildPhase;
			buildActionMask = 2147483647;
			files = (
			);
			runOnlyForDeploymentPostprocessing = 0;
		};
		C9F2E1111DC9C3680084FA63 /* Frameworks */ = {
			isa = PBXFrameworksBuildPhase;
			buildActionMask = 2147483647;
			files = (
			);
			runOnlyForDeploymentPostprocessing = 0;
		};
/* End PBXFrameworksBuildPhase section */

/* Begin PBXGroup section */
		C9F2E0E71DC9C3680084FA63 = {
			isa = PBXGroup;
			children = (
				C9F2E0F21DC9C3680084FA63 /* douyu */,
				C9F2E10C1DC9C3680084FA63 /* douyuTests */,
				C9F2E1171DC9C3680084FA63 /* douyuUITests */,
				C9F2E0F11DC9C3680084FA63 /* Products */,
			);
			sourceTree = "<group>";
		};
		C9F2E0F11DC9C3680084FA63 /* Products */ = {
			isa = PBXGroup;
			children = (
				C9F2E0F01DC9C3680084FA63 /* douyu.app */,
				C9F2E1091DC9C3680084FA63 /* douyuTests.xctest */,
				C9F2E1141DC9C3680084FA63 /* douyuUITests.xctest */,
			);
			name = Products;
			sourceTree = "<group>";
		};
		C9F2E0F21DC9C3680084FA63 /* douyu */ = {
			isa = PBXGroup;
			children = (
				C9F2E1261DC9D10F0084FA63 /* Classes */,
				C9F2E0FC1DC9C3680084FA63 /* Main.storyboard */,
				C9F2E0FF1DC9C3680084FA63 /* Assets.xcassets */,
				C9F2E1011DC9C3680084FA63 /* LaunchScreen.storyboard */,
				C9F2E1041DC9C3680084FA63 /* Info.plist */,
				C9F2E0F31DC9C3680084FA63 /* Supporting Files */,
			);
			path = douyu;
			sourceTree = "<group>";
		};
		C9F2E0F31DC9C3680084FA63 /* Supporting Files */ = {
			isa = PBXGroup;
			children = (
			);
			name = "Supporting Files";
			sourceTree = "<group>";
		};
		C9F2E10C1DC9C3680084FA63 /* douyuTests */ = {
			isa = PBXGroup;
			children = (
				C9F2E10D1DC9C3680084FA63 /* douyuTests.m */,
				C9F2E10F1DC9C3680084FA63 /* Info.plist */,
			);
			path = douyuTests;
			sourceTree = "<group>";
		};
		C9F2E1171DC9C3680084FA63 /* douyuUITests */ = {
			isa = PBXGroup;
			children = (
				C9F2E1181DC9C3680084FA63 /* douyuUITests.m */,
				C9F2E11A1DC9C3680084FA63 /* Info.plist */,
			);
			path = douyuUITests;
			sourceTree = "<group>";
		};
		C9F2E1261DC9D10F0084FA63 /* Classes */ = {
			isa = PBXGroup;
			children = (
				C9F2E12B1DC9D10F0084FA63 /* Home */,
				C9F2E12F1DC9D10F0084FA63 /* Living */,
				C9F2E1271DC9D10F0084FA63 /* Focus */,
				C9F2E1331DC9D10F0084FA63 /* Mine */,
				C9F2E1371DC9D10F0084FA63 /* Other */,
			);
			path = Classes;
			sourceTree = "<group>";
		};
		C9F2E1271DC9D10F0084FA63 /* Focus */ = {
			isa = PBXGroup;
			children = (
				C9F2E1281DC9D10F0084FA63 /* Controller */,
				C9F2E1291DC9D10F0084FA63 /* Modle */,
				C9F2E12A1DC9D10F0084FA63 /* View */,
			);
			path = Focus;
			sourceTree = "<group>";
		};
		C9F2E1281DC9D10F0084FA63 /* Controller */ = {
			isa = PBXGroup;
			children = (
			);
			path = Controller;
			sourceTree = "<group>";
		};
		C9F2E1291DC9D10F0084FA63 /* Modle */ = {
			isa = PBXGroup;
			children = (
			);
			path = Modle;
			sourceTree = "<group>";
		};
		C9F2E12A1DC9D10F0084FA63 /* View */ = {
			isa = PBXGroup;
			children = (
			);
			path = View;
			sourceTree = "<group>";
		};
		C9F2E12B1DC9D10F0084FA63 /* Home */ = {
			isa = PBXGroup;
			children = (
				C9F2E12C1DC9D10F0084FA63 /* Controller */,
				C9F2E12D1DC9D10F0084FA63 /* Modle */,
				C9F2E12E1DC9D10F0084FA63 /* View */,
			);
			path = Home;
			sourceTree = "<group>";
		};
		C9F2E12C1DC9D10F0084FA63 /* Controller */ = {
			isa = PBXGroup;
			children = (
				C9F2E1401DC9D18F0084FA63 /* DYMainViewController.h */,
				C9F2E1411DC9D18F0084FA63 /* DYMainViewController.m */,
			);
			path = Controller;
			sourceTree = "<group>";
		};
		C9F2E12D1DC9D10F0084FA63 /* Modle */ = {
			isa = PBXGroup;
			children = (
			);
			path = Modle;
			sourceTree = "<group>";
		};
		C9F2E12E1DC9D10F0084FA63 /* View */ = {
			isa = PBXGroup;
			children = (
			);
			path = View;
			sourceTree = "<group>";
		};
		C9F2E12F1DC9D10F0084FA63 /* Living */ = {
			isa = PBXGroup;
			children = (
				C9F2E1301DC9D10F0084FA63 /* Controller */,
				C9F2E1311DC9D10F0084FA63 /* Modle */,
				C9F2E1321DC9D10F0084FA63 /* View */,
			);
			path = Living;
			sourceTree = "<group>";
		};
		C9F2E1301DC9D10F0084FA63 /* Controller */ = {
			isa = PBXGroup;
			children = (
			);
			path = Controller;
			sourceTree = "<group>";
		};
		C9F2E1311DC9D10F0084FA63 /* Modle */ = {
			isa = PBXGroup;
			children = (
			);
			path = Modle;
			sourceTree = "<group>";
		};
		C9F2E1321DC9D10F0084FA63 /* View */ = {
			isa = PBXGroup;
			children = (
			);
			path = View;
			sourceTree = "<group>";
		};
		C9F2E1331DC9D10F0084FA63 /* Mine */ = {
			isa = PBXGroup;
			children = (
				C9F2E1341DC9D10F0084FA63 /* Controller */,
				C9F2E1351DC9D10F0084FA63 /* Modle */,
				C9F2E1361DC9D10F0084FA63 /* View */,
			);
			path = Mine;
			sourceTree = "<group>";
		};
		C9F2E1341DC9D10F0084FA63 /* Controller */ = {
			isa = PBXGroup;
			children = (
			);
			path = Controller;
			sourceTree = "<group>";
		};
		C9F2E1351DC9D10F0084FA63 /* Modle */ = {
			isa = PBXGroup;
			children = (
			);
			path = Modle;
			sourceTree = "<group>";
		};
		C9F2E1361DC9D10F0084FA63 /* View */ = {
			isa = PBXGroup;
			children = (
			);
			path = View;
			sourceTree = "<group>";
		};
		C9F2E1371DC9D10F0084FA63 /* Other */ = {
			isa = PBXGroup;
			children = (
				C9F2E1381DC9D10F0084FA63 /* AppDelegate.h */,
				C9F2E1391DC9D10F0084FA63 /* AppDelegate.m */,
				C9F2E13A1DC9D10F0084FA63 /* Controller */,
				C9F2E13B1DC9D10F0084FA63 /* main.m */,
				C9F2E13C1DC9D10F0084FA63 /* Modle */,
				C9F2E13D1DC9D10F0084FA63 /* View */,
			);
			path = Other;
			sourceTree = "<group>";
		};
		C9F2E13A1DC9D10F0084FA63 /* Controller */ = {
			isa = PBXGroup;
			children = (
			);
			path = Controller;
			sourceTree = "<group>";
		};
		C9F2E13C1DC9D10F0084FA63 /* Modle */ = {
			isa = PBXGroup;
			children = (
			);
			path = Modle;
			sourceTree = "<group>";
		};
		C9F2E13D1DC9D10F0084FA63 /* View */ = {
			isa = PBXGroup;
			children = (
			);
			path = View;
			sourceTree = "<group>";
		};
/* End PBXGroup section */

/* Begin PBXNativeTarget section */
		C9F2E0EF1DC9C3680084FA63 /* douyu */ = {
			isa = PBXNativeTarget;
			buildConfigurationList = C9F2E11D1DC9C3680084FA63 /* Build configuration list for PBXNativeTarget "douyu" */;
			buildPhases = (
				C9F2E0EC1DC9C3680084FA63 /* Sources */,
				C9F2E0ED1DC9C3680084FA63 /* Frameworks */,
				C9F2E0EE1DC9C3680084FA63 /* Resources */,
			);
			buildRules = (
			);
			dependencies = (
			);
			name = douyu;
			productName = douyu;
			productReference = C9F2E0F01DC9C3680084FA63 /* douyu.app */;
			productType = "com.apple.product-type.application";
		};
		C9F2E1081DC9C3680084FA63 /* douyuTests */ = {
			isa = PBXNativeTarget;
			buildConfigurationList = C9F2E1201DC9C3680084FA63 /* Build configuration list for PBXNativeTarget "douyuTests" */;
			buildPhases = (
				C9F2E1051DC9C3680084FA63 /* Sources */,
				C9F2E1061DC9C3680084FA63 /* Frameworks */,
				C9F2E1071DC9C3680084FA63 /* Resources */,
			);
			buildRules = (
			);
			dependencies = (
				C9F2E10B1DC9C3680084FA63 /* PBXTargetDependency */,
			);
			name = douyuTests;
			productName = douyuTests;
			productReference = C9F2E1091DC9C3680084FA63 /* douyuTests.xctest */;
			productType = "com.apple.product-type.bundle.unit-test";
		};
		C9F2E1131DC9C3680084FA63 /* douyuUITests */ = {
			isa = PBXNativeTarget;
			buildConfigurationList = C9F2E1231DC9C3680084FA63 /* Build configuration list for PBXNativeTarget "douyuUITests" */;
			buildPhases = (
				C9F2E1101DC9C3680084FA63 /* Sources */,
				C9F2E1111DC9C3680084FA63 /* Frameworks */,
				C9F2E1121DC9C3680084FA63 /* Resources */,
			);
			buildRules = (
			);
			dependencies = (
				C9F2E1161DC9C3680084FA63 /* PBXTargetDependency */,
			);
			name = douyuUITests;
			productName = douyuUITests;
			productReference = C9F2E1141DC9C3680084FA63 /* douyuUITests.xctest */;
			productType = "com.apple.product-type.bundle.ui-testing";
		};
/* End PBXNativeTarget section */

/* Begin PBXProject section */
		C9F2E0E81DC9C3680084FA63 /* Project object */ = {
			isa = PBXProject;
			attributes = {
				CLASSPREFIX = DY;
				LastUpgradeCheck = 0810;
				ORGANIZATIONNAME = Minghao;
				TargetAttributes = {
					C9F2E0EF1DC9C3680084FA63 = {
						CreatedOnToolsVersion = 8.1;
						DevelopmentTeam = TZ45RA7N38;
						ProvisioningStyle = Automatic;
					};
					C9F2E1081DC9C3680084FA63 = {
						CreatedOnToolsVersion = 8.1;
						DevelopmentTeam = TZ45RA7N38;
						ProvisioningStyle = Automatic;
						TestTargetID = C9F2E0EF1DC9C3680084FA63;
					};
					C9F2E1131DC9C3680084FA63 = {
						CreatedOnToolsVersion = 8.1;
						DevelopmentTeam = TZ45RA7N38;
						ProvisioningStyle = Automatic;
						TestTargetID = C9F2E0EF1DC9C3680084FA63;
					};
				};
			};
			buildConfigurationList = C9F2E0EB1DC9C3680084FA63 /* Build configuration list for PBXProject "douyu" */;
			compatibilityVersion = "Xcode 3.2";
			developmentRegion = English;
			hasScannedForEncodings = 0;
			knownRegions = (
				en,
				Base,
			);
			mainGroup = C9F2E0E71DC9C3680084FA63;
			productRefGroup = C9F2E0F11DC9C3680084FA63 /* Products */;
			projectDirPath = "";
			projectRoot = "";
			targets = (
				C9F2E0EF1DC9C3680084FA63 /* douyu */,
				C9F2E1081DC9C3680084FA63 /* douyuTests */,
				C9F2E1131DC9C3680084FA63 /* douyuUITests */,
			);
		};
/* End PBXProject section */

/* Begin PBXResourcesBuildPhase section */
		C9F2E0EE1DC9C3680084FA63 /* Resources */ = {
			isa = PBXResourcesBuildPhase;
			buildActionMask = 2147483647;
			files = (
				C9F2E1031DC9C3680084FA63 /* LaunchScreen.storyboard in Resources */,
				C9F2E1001DC9C3680084FA63 /* Assets.xcassets in Resources */,
				C9F2E0FE1DC9C3680084FA63 /* Main.storyboard in Resources */,
			);
			runOnlyForDeploymentPostprocessing = 0;
		};
		C9F2E1071DC9C3680084FA63 /* Resources */ = {
			isa = PBXResourcesBuildPhase;
			buildActionMask = 2147483647;
			files = (
			);
			runOnlyForDeploymentPostprocessing = 0;
		};
		C9F2E1121DC9C3680084FA63 /* Resources */ = {
			isa = PBXResourcesBuildPhase;
			buildActionMask = 2147483647;
			files = (
			);
			runOnlyForDeploymentPostprocessing = 0;
		};
/* End PBXResourcesBuildPhase section */

/* Begin PBXSourcesBuildPhase section */
		C9F2E0EC1DC9C3680084FA63 /* Sources */ = {
			isa = PBXSourcesBuildPhase;
			buildActionMask = 2147483647;
			files = (
				C9F2E1421DC9D18F0084FA63 /* DYMainViewController.m in Sources */,
				C9F2E13F1DC9D10F0084FA63 /* main.m in Sources */,
				C9F2E13E1DC9D10F0084FA63 /* AppDelegate.m in Sources */,
			);
			runOnlyForDeploymentPostprocessing = 0;
		};
		C9F2E1051DC9C3680084FA63 /* Sources */ = {
			isa = PBXSourcesBuildPhase;
			buildActionMask = 2147483647;
			files = (
				C9F2E10E1DC9C3680084FA63 /* douyuTests.m in Sources */,
			);
			runOnlyForDeploymentPostprocessing = 0;
		};
		C9F2E1101DC9C3680084FA63 /* Sources */ = {
			isa = PBXSourcesBuildPhase;
			buildActionMask = 2147483647;
			files = (
				C9F2E1191DC9C3680084FA63 /* douyuUITests.m in Sources */,
			);
			runOnlyForDeploymentPostprocessing = 0;
		};
/* End PBXSourcesBuildPhase section */

/* Begin PBXTargetDependency section */
		C9F2E10B1DC9C3680084FA63 /* PBXTargetDependency */ = {
			isa = PBXTargetDependency;
			target = C9F2E0EF1DC9C3680084FA63 /* douyu */;
			targetProxy = C9F2E10A1DC9C3680084FA63 /* PBXContainerItemProxy */;
		};
		C9F2E1161DC9C3680084FA63 /* PBXTargetDependency */ = {
			isa = PBXTargetDependency;
			target = C9F2E0EF1DC9C3680084FA63 /* douyu */;
			targetProxy = C9F2E1151DC9C3680084FA63 /* PBXContainerItemProxy */;
		};
/* End PBXTargetDependency section */

/* Begin PBXVariantGroup section */
		C9F2E0FC1DC9C3680084FA63 /* Main.storyboard */ = {
			isa = PBXVariantGroup;
			children = (
				C9F2E0FD1DC9C3680084FA63 /* Base */,
			);
			name = Main.storyboard;
			sourceTree = "<group>";
		};
		C9F2E1011DC9C3680084FA63 /* LaunchScreen.storyboard */ = {
			isa = PBXVariantGroup;
			children = (
				C9F2E1021DC9C3680084FA63 /* Base */,
			);
			name = LaunchScreen.storyboard;
			sourceTree = "<group>";
		};
/* End PBXVariantGroup section */

/* Begin XCBuildConfiguration section */
		C9F2E11B1DC9C3680084FA63 /* Debug */ = {
			isa = XCBuildConfiguration;
			buildSettings = {
				ALWAYS_SEARCH_USER_PATHS = NO;
				CLANG_ANALYZER_NONNULL = YES;
				CLANG_CXX_LANGUAGE_STANDARD = "gnu++0x";
				CLANG_CXX_LIBRARY = "libc++";
				CLANG_ENABLE_MODULES = YES;
				CLANG_ENABLE_OBJC_ARC = YES;
				CLANG_WARN_BOOL_CONVERSION = YES;
				CLANG_WARN_CONSTANT_CONVERSION = YES;
				CLANG_WARN_DIRECT_OBJC_ISA_USAGE = YES_ERROR;
				CLANG_WARN_DOCUMENTATION_COMMENTS = YES;
				CLANG_WARN_EMPTY_BODY = YES;
				CLANG_WARN_ENUM_CONVERSION = YES;
				CLANG_WARN_INFINITE_RECURSION = YES;
				CLANG_WARN_INT_CONVERSION = YES;
				CLANG_WARN_OBJC_ROOT_CLASS = YES_ERROR;
				CLANG_WARN_SUSPICIOUS_MOVES = YES;
				CLANG_WARN_UNREACHABLE_CODE = YES;
				CLANG_WARN__DUPLICATE_METHOD_MATCH = YES;
				"CODE_SIGN_IDENTITY[sdk=iphoneos*]" = "iPhone Developer";
				COPY_PHASE_STRIP = NO;
				DEBUG_INFORMATION_FORMAT = dwarf;
				ENABLE_STRICT_OBJC_MSGSEND = YES;
				ENABLE_TESTABILITY = YES;
				GCC_C_LANGUAGE_STANDARD = gnu99;
				GCC_DYNAMIC_NO_PIC = NO;
				GCC_NO_COMMON_BLOCKS = YES;
				GCC_OPTIMIZATION_LEVEL = 0;
				GCC_PREPROCESSOR_DEFINITIONS = (
					"DEBUG=1",
					"$(inherited)",
				);
				GCC_WARN_64_TO_32_BIT_CONVERSION = YES;
				GCC_WARN_ABOUT_RETURN_TYPE = YES_ERROR;
				GCC_WARN_UNDECLARED_SELECTOR = YES;
				GCC_WARN_UNINITIALIZED_AUTOS = YES_AGGRESSIVE;
				GCC_WARN_UNUSED_FUNCTION = YES;
				GCC_WARN_UNUSED_VARIABLE = YES;
				IPHONEOS_DEPLOYMENT_TARGET = 10.1;
				MTL_ENABLE_DEBUG_INFO = YES;
				ONLY_ACTIVE_ARCH = YES;
				SDKROOT = iphoneos;
				TARGETED_DEVICE_FAMILY = "1,2";
			};
			name = Debug;
		};
		C9F2E11C1DC9C3680084FA63 /* Release */ = {
			isa = XCBuildConfiguration;
			buildSettings = {
				ALWAYS_SEARCH_USER_PATHS = NO;
				CLANG_ANALYZER_NONNULL = YES;
				CLANG_CXX_LANGUAGE_STANDARD = "gnu++0x";
				CLANG_CXX_LIBRARY = "libc++";
				CLANG_ENABLE_MODULES = YES;
				CLANG_ENABLE_OBJC_ARC = YES;
				CLANG_WARN_BOOL_CONVERSION = YES;
				CLANG_WARN_CONSTANT_CONVERSION = YES;
				CLANG_WARN_DIRECT_OBJC_ISA_USAGE = YES_ERROR;
				CLANG_WARN_DOCUMENTATION_COMMENTS = YES;
				CLANG_WARN_EMPTY_BODY = YES;
				CLANG_WARN_ENUM_CONVERSION = YES;
				CLANG_WARN_INFINITE_RECURSION = YES;
				CLANG_WARN_INT_CONVERSION = YES;
				CLANG_WARN_OBJC_ROOT_CLASS = YES_ERROR;
				CLANG_WARN_SUSPICIOUS_MOVES = YES;
				CLANG_WARN_UNREACHABLE_CODE = YES;
				CLANG_WARN__DUPLICATE_METHOD_MATCH = YES;
				"CODE_SIGN_IDENTITY[sdk=iphoneos*]" = "iPhone Developer";
				COPY_PHASE_STRIP = NO;
				DEBUG_INFORMATION_FORMAT = "dwarf-with-dsym";
				ENABLE_NS_ASSERTIONS = NO;
				ENABLE_STRICT_OBJC_MSGSEND = YES;
				GCC_C_LANGUAGE_STANDARD = gnu99;
				GCC_NO_COMMON_BLOCKS = YES;
				GCC_WARN_64_TO_32_BIT_CONVERSION = YES;
				GCC_WARN_ABOUT_RETURN_TYPE = YES_ERROR;
				GCC_WARN_UNDECLARED_SELECTOR = YES;
				GCC_WARN_UNINITIALIZED_AUTOS = YES_AGGRESSIVE;
				GCC_WARN_UNUSED_FUNCTION = YES;
				GCC_WARN_UNUSED_VARIABLE = YES;
				IPHONEOS_DEPLOYMENT_TARGET = 10.1;
				MTL_ENABLE_DEBUG_INFO = NO;
				SDKROOT = iphoneos;
				TARGETED_DEVICE_FAMILY = "1,2";
				VALIDATE_PRODUCT = YES;
			};
			name = Release;
		};
		C9F2E11E1DC9C3680084FA63 /* Debug */ = {
			isa = XCBuildConfiguration;
			buildSettings = {
				ASSETCATALOG_COMPILER_APPICON_NAME = AppIcon;
				DEVELOPMENT_TEAM = TZ45RA7N38;
				INFOPLIST_FILE = douyu/Info.plist;
				LD_RUNPATH_SEARCH_PATHS = "$(inherited) @executable_path/Frameworks";
				PRODUCT_BUNDLE_IDENTIFIER = CountingStar.douyu;
				PRODUCT_NAME = "$(TARGET_NAME)";
			};
			name = Debug;
		};
		C9F2E11F1DC9C3680084FA63 /* Release */ = {
			isa = XCBuildConfiguration;
			buildSettings = {
				ASSETCATALOG_COMPILER_APPICON_NAME = AppIcon;
				DEVELOPMENT_TEAM = TZ45RA7N38;
				INFOPLIST_FILE = douyu/Info.plist;
				LD_RUNPATH_SEARCH_PATHS = "$(inherited) @executable_path/Frameworks";
				PRODUCT_BUNDLE_IDENTIFIER = CountingStar.douyu;
				PRODUCT_NAME = "$(TARGET_NAME)";
			};
			name = Release;
		};
		C9F2E1211DC9C3680084FA63 /* Debug */ = {
			isa = XCBuildConfiguration;
			buildSettings = {
				BUNDLE_LOADER = "$(TEST_HOST)";
				DEVELOPMENT_TEAM = TZ45RA7N38;
				INFOPLIST_FILE = douyuTests/Info.plist;
				LD_RUNPATH_SEARCH_PATHS = "$(inherited) @executable_path/Frameworks @loader_path/Frameworks";
				PRODUCT_BUNDLE_IDENTIFIER = CountingStar.douyuTests;
				PRODUCT_NAME = "$(TARGET_NAME)";
				TEST_HOST = "$(BUILT_PRODUCTS_DIR)/douyu.app/douyu";
			};
			name = Debug;
		};
		C9F2E1221DC9C3680084FA63 /* Release */ = {
			isa = XCBuildConfiguration;
			buildSettings = {
				BUNDLE_LOADER = "$(TEST_HOST)";
				DEVELOPMENT_TEAM = TZ45RA7N38;
				INFOPLIST_FILE = douyuTests/Info.plist;
				LD_RUNPATH_SEARCH_PATHS = "$(inherited) @executable_path/Frameworks @loader_path/Frameworks";
				PRODUCT_BUNDLE_IDENTIFIER = CountingStar.douyuTests;
				PRODUCT_NAME = "$(TARGET_NAME)";
				TEST_HOST = "$(BUILT_PRODUCTS_DIR)/douyu.app/douyu";
			};
			name = Release;
		};
		C9F2E1241DC9C3680084FA63 /* Debug */ = {
			isa = XCBuildConfiguration;
			buildSettings = {
				DEVELOPMENT_TEAM = TZ45RA7N38;
				INFOPLIST_FILE = douyuUITests/Info.plist;
				LD_RUNPATH_SEARCH_PATHS = "$(inherited) @executable_path/Frameworks @loader_path/Frameworks";
				PRODUCT_BUNDLE_IDENTIFIER = CountingStar.douyuUITests;
				PRODUCT_NAME = "$(TARGET_NAME)";
				TEST_TARGET_NAME = douyu;
			};
			name = Debug;
		};
		C9F2E1251DC9C3680084FA63 /* Release */ = {
			isa = XCBuildConfiguration;
			buildSettings = {
				DEVELOPMENT_TEAM = TZ45RA7N38;
				INFOPLIST_FILE = douyuUITests/Info.plist;
				LD_RUNPATH_SEARCH_PATHS = "$(inherited) @executable_path/Frameworks @loader_path/Frameworks";
				PRODUCT_BUNDLE_IDENTIFIER = CountingStar.douyuUITests;
				PRODUCT_NAME = "$(TARGET_NAME)";
				TEST_TARGET_NAME = douyu;
			};
			name = Release;
		};
/* End XCBuildConfiguration section */

/* Begin XCConfigurationList section */
		C9F2E0EB1DC9C3680084FA63 /* Build configuration list for PBXProject "douyu" */ = {
			isa = XCConfigurationList;
			buildConfigurations = (
				C9F2E11B1DC9C3680084FA63 /* Debug */,
				C9F2E11C1DC9C3680084FA63 /* Release */,
			);
			defaultConfigurationIsVisible = 0;
			defaultConfigurationName = Release;
		};
		C9F2E11D1DC9C3680084FA63 /* Build configuration list for PBXNativeTarget "douyu" */ = {
			isa = XCConfigurationList;
			buildConfigurations = (
				C9F2E11E1DC9C3680084FA63 /* Debug */,
				C9F2E11F1DC9C3680084FA63 /* Release */,
			);
			defaultConfigurationIsVisible = 0;
		};
		C9F2E1201DC9C3680084FA63 /* Build configuration list for PBXNativeTarget "douyuTests" */ = {
			isa = XCConfigurationList;
			buildConfigurations = (
				C9F2E1211DC9C3680084FA63 /* Debug */,
				C9F2E1221DC9C3680084FA63 /* Release */,
			);
			defaultConfigurationIsVisible = 0;
		};
		C9F2E1231DC9C3680084FA63 /* Build configuration list for PBXNativeTarget "douyuUITests" */ = {
			isa = XCConfigurationList;
			buildConfigurations = (
				C9F2E1241DC9C3680084FA63 /* Debug */,
				C9F2E1251DC9C3680084FA63 /* Release */,
			);
			defaultConfigurationIsVisible = 0;
		};
/* End XCConfigurationList section */
	};
	rootObject = C9F2E0E81DC9C3680084FA63 /* Project object */;
}
